
Microsoft Visual Studio Solution File, Format Version 12.00
# Visual Studio Version 17
VisualStudioVersion = 17.0.31903.59
MinimumVisualStudioVersion = 10.0.40219.1
Project("{FAE04EC0-301F-11D3-BF4B-00C04F79EFBC}") = "ManipulaVar", "ManipulaVar\ManipulaVar.csproj", "{BAEACA3B-8D64-4B48-A3AD-716E272C49DD}"
EndProject
Project("{FAE04EC0-301F-11D3-BF4B-00C04F79EFBC}") = "PerguntaValores", "PerguntaValores\PerguntaValores.csproj", "{949AAC63-CB67-48E4-8894-F56E86559D5C}"
EndProject
Project("{FAE04EC0-301F-11D3-BF4B-00C04F79EFBC}") = "Specials", "Specials\Specials.csproj", "{B498DB99-417F-48CA-BEAA-9704214B3B15}"
EndProject
Project("{FAE04EC0-301F-11D3-BF4B-00C04F79EFBC}") = "GranpaPatternSwitch", "GranpaPatternSwitch\GranpaPatternSwitch.csproj", "{D8C33DFA-9E4E-4065-B17E-92D4E88A0D12}"
EndProject
Project("{FAE04EC0-301F-11D3-BF4B-00C04F79EFBC}") = "ChatGPTMother", "ChatGPTMother\ChatGPTMother.csproj", "{0AD67B6C-0402-40A2-987B-1301022A12A0}"
EndProject
Global
	GlobalSection(SolutionConfigurationPlatforms) = preSolution
		Debug|Any CPU = Debug|Any CPU
		Release|Any CPU = Release|Any CPU
	EndGlobalSection
	GlobalSection(SolutionProperties) = preSolution
		HideSolutionNode = FALSE
	EndGlobalSection
	GlobalSection(ProjectConfigurationPlatforms) = postSolution
		{BAEACA3B-8D64-4B48-A3AD-716E272C49DD}.Debug|Any CPU.ActiveCfg = Debug|Any CPU
		{BAEACA3B-8D64-4B48-A3AD-716E272C49DD}.Debug|Any CPU.Build.0 = Debug|Any CPU
		{BAEACA3B-8D64-4B48-A3AD-716E272C49DD}.Release|Any CPU.ActiveCfg = Release|Any CPU
		{BAEACA3B-8D64-4B48-A3AD-716E272C49DD}.Release|Any CPU.Build.0 = Release|Any CPU
		{949AAC63-CB67-48E4-8894-F56E86559D5C}.Debug|Any CPU.ActiveCfg = Debug|Any CPU
		{949AAC63-CB67-48E4-8894-F56E86559D5C}.Debug|Any CPU.Build.0 = Debug|Any CPU
		{949AAC63-CB67-48E4-8894-F56E86559D5C}.Release|Any CPU.ActiveCfg = Release|Any CPU
		{949AAC63-CB67-48E4-8894-F56E86559D5C}.Release|Any CPU.Build.0 = Release|Any CPU
		{B498DB99-417F-48CA-BEAA-9704214B3B15}.Debug|Any CPU.ActiveCfg = Debug|Any CPU
		{B498DB99-417F-48CA-BEAA-9704214B3B15}.Debug|Any CPU.Build.0 = Debug|Any CPU
		{B498DB99-417F-48CA-BEAA-9704214B3B15}.Release|Any CPU.ActiveCfg = Release|Any CPU
		{B498DB99-417F-48CA-BEAA-9704214B3B15}.Release|Any CPU.Build.0 = Release|Any CPU
		{D8C33DFA-9E4E-4065-B17E-92D4E88A0D12}.Debug|Any CPU.ActiveCfg = Debug|Any CPU
		{D8C33DFA-9E4E-4065-B17E-92D4E88A0D12}.Debug|Any CPU.Build.0 = Debug|Any CPU
		{D8C33DFA-9E4E-4065-B17E-92D4E88A0D12}.Release|Any CPU.ActiveCfg = Release|Any CPU
		{D8C33DFA-9E4E-4065-B17E-92D4E88A0D12}.Release|Any CPU.Build.0 = Release|Any CPU
		{0AD67B6C-0402-40A2-987B-1301022A12A0}.Debug|Any CPU.ActiveCfg = Debug|Any CPU
		{0AD67B6C-0402-40A2-987B-1301022A12A0}.Debug|Any CPU.Build.0 = Debug|Any CPU
		{0AD67B6C-0402-40A2-987B-1301022A12A0}.Release|Any CPU.ActiveCfg = Release|Any CPU
		{0AD67B6C-0402-40A2-987B-1301022A12A0}.Release|Any CPU.Build.0 = Release|Any CPU
	EndGlobalSection
EndGlobal
